
Microsoft Visual Studio Solution File, Format Version 12.00
# Visual Studio Version 17
VisualStudioVersion = 17.14.37328.6
MinimumVisualStudioVersion = 10.0.40219.1
Project("{FAE04EC0-301F-11D3-BF4B-00C04F79EFBC}") = "Hanienaseri", "Hanienaseri\Hanienaseri.csproj", "{E1E9E0CC-79E8-4B4A-AF9F-25EDE503E08B}"
EndProject
Project("{FAE04EC0-301F-11D3-BF4B-00C04F79EFBC}") = "Application", "Application\Application.csproj", "{7B37827F-4790-4A2C-92F1-91A809E741D0}"
EndProject
Global
	GlobalSection(SolutionConfigurationPlatforms) = preSolution
		Debug|Any CPU = Debug|Any CPU
		Release|Any CPU = Release|Any CPU
	EndGlobalSection
	GlobalSection(ProjectConfigurationPlatforms) = postSolution
		{E1E9E0CC-79E8-4B4A-AF9F-25EDE503E08B}.Debug|Any CPU.ActiveCfg = Debug|Any CPU
		{E1E9E0CC-79E8-4B4A-AF9F-25EDE503E08B}.Debug|Any CPU.Build.0 = Debug|Any CPU
		{E1E9E0CC-79E8-4B4A-AF9F-25EDE503E08B}.Release|Any CPU.ActiveCfg = Release|Any CPU
		{E1E9E0CC-79E8-4B4A-AF9F-25EDE503E08B}.Release|Any CPU.Build.0 = Release|Any CPU
		{7B37827F-4790-4A2C-92F1-91A809E741D0}.Debug|Any CPU.ActiveCfg = Debug|Any CPU
		{7B37827F-4790-4A2C-92F1-91A809E741D0}.Debug|Any CPU.Build.0 = Debug|Any CPU
		{7B37827F-4790-4A2C-92F1-91A809E741D0}.Release|Any CPU.ActiveCfg = Release|Any CPU
		{7B37827F-4790-4A2C-92F1-91A809E741D0}.Release|Any CPU.Build.0 = Release|Any CPU
	EndGlobalSection
	GlobalSection(SolutionProperties) = preSolution
		HideSolutionNode = FALSE
	EndGlobalSection
	GlobalSection(ExtensibilityGlobals) = postSolution
		SolutionGuid = {61A989F3-A5B4-4075-B476-C1BB57C0003B}
	EndGlobalSection
EndGlobal
